
Microsoft Visual Studio Solution File, Format Version 12.00
# Visual Studio Version 17
VisualStudioVersion = 17.14.37027.9
MinimumVisualStudioVersion = 10.0.40219.1
Project("{FAE04EC0-301F-11D3-BF4B-00C04F79EFBC}") = "TutorConnect.API", "TutorConnect.API.csproj", "{47397733-9DF5-47B4-A78F-CE42E09C5619}"
EndProject
Project("{FAE04EC0-301F-11D3-BF4B-00C04F79EFBC}") = "TutorConnect.Tests", "..\TutorConnect.Tests\TutorConnect.Tests.csproj", "{CF39A29A-BBE0-4F54-AB1E-13314B8D108B}"
EndProject
Global
	GlobalSection(SolutionConfigurationPlatforms) = preSolution
		Debug|Any CPU = Debug|Any CPU
		Debug|x64 = Debug|x64
		Debug|x86 = Debug|x86
		Release|Any CPU = Release|Any CPU
		Release|x64 = Release|x64
		Release|x86 = Release|x86
	EndGlobalSection
	GlobalSection(ProjectConfigurationPlatforms) = postSolution
		{47397733-9DF5-47B4-A78F-CE42E09C5619}.Debug|Any CPU.ActiveCfg = Debug|Any CPU
		{47397733-9DF5-47B4-A78F-CE42E09C5619}.Debug|Any CPU.Build.0 = Debug|Any CPU
		{47397733-9DF5-47B4-A78F-CE42E09C5619}.Debug|x64.ActiveCfg = Debug|Any CPU
		{47397733-9DF5-47B4-A78F-CE42E09C5619}.Debug|x64.Build.0 = Debug|Any CPU
		{47397733-9DF5-47B4-A78F-CE42E09C5619}.Debug|x86.ActiveCfg = Debug|Any CPU
		{47397733-9DF5-47B4-A78F-CE42E09C5619}.Debug|x86.Build.0 = Debug|Any CPU
		{47397733-9DF5-47B4-A78F-CE42E09C5619}.Release|Any CPU.ActiveCfg = Release|Any CPU
		{47397733-9DF5-47B4-A78F-CE42E09C5619}.Release|Any CPU.Build.0 = Release|Any CPU
		{47397733-9DF5-47B4-A78F-CE42E09C5619}.Release|x64.ActiveCfg = Release|Any CPU
		{47397733-9DF5-47B4-A78F-CE42E09C5619}.Release|x64.Build.0 = Release|Any CPU
		{47397733-9DF5-47B4-A78F-CE42E09C5619}.Release|x86.ActiveCfg = Release|Any CPU
		{47397733-9DF5-47B4-A78F-CE42E09C5619}.Release|x86.Build.0 = Release|Any CPU
		{CF39A29A-BBE0-4F54-AB1E-13314B8D108B}.Debug|Any CPU.ActiveCfg = Debug|Any CPU
		{CF39A29A-BBE0-4F54-AB1E-13314B8D108B}.Debug|Any CPU.Build.0 = Debug|Any CPU
		{CF39A29A-BBE0-4F54-AB1E-13314B8D108B}.Debug|x64.ActiveCfg = Debug|Any CPU
		{CF39A29A-BBE0-4F54-AB1E-13314B8D108B}.Debug|x64.Build.0 = Debug|Any CPU
		{CF39A29A-BBE0-4F54-AB1E-13314B8D108B}.Debug|x86.ActiveCfg = Debug|Any CPU
		{CF39A29A-BBE0-4F54-AB1E-13314B8D108B}.Debug|x86.Build.0 = Debug|Any CPU
		{CF39A29A-BBE0-4F54-AB1E-13314B8D108B}.Release|Any CPU.ActiveCfg = Release|Any CPU
		{CF39A29A-BBE0-4F54-AB1E-13314B8D108B}.Release|Any CPU.Build.0 = Release|Any CPU
		{CF39A29A-BBE0-4F54-AB1E-13314B8D108B}.Release|x64.ActiveCfg = Release|Any CPU
		{CF39A29A-BBE0-4F54-AB1E-13314B8D108B}.Release|x64.Build.0 = Release|Any CPU
		{CF39A29A-BBE0-4F54-AB1E-13314B8D108B}.Release|x86.ActiveCfg = Release|Any CPU
		{CF39A29A-BBE0-4F54-AB1E-13314B8D108B}.Release|x86.Build.0 = Release|Any CPU
	EndGlobalSection
	GlobalSection(SolutionProperties) = preSolution
		HideSolutionNode = FALSE
	EndGlobalSection
	GlobalSection(ExtensibilityGlobals) = postSolution
		SolutionGuid = {C76EB7D2-598D-470D-BC86-6F9155E3F9EF}
	EndGlobalSection
EndGlobal
